<?xml version="1.0" encoding="utf-8"?>
<Project ToolsVersion="4.0" xmlns="http://schemas.microsoft.com/developer/msbuild/2003">
  <ItemGroup>
    <Filter Include="Source Files">
      <UniqueIdentifier>{4FC737F1-C7A5-4376-A066-2A32D752A2FF}</UniqueIdentifier>
      <Extensions>cpp;c;cc;cxx;def;odl;idl;hpj;bat;asm;asmx</Extensions>
    </Filter>
    <Filter Include="Header Files">
      <UniqueIdentifier>{93995380-89BD-4b04-88EB-625FBE52EBFB}</UniqueIdentifier>
      <Extensions>h;hh;hpp;hxx;hm;inl;inc;xsd</Extensions>
    </Filter>
    <Filter Include="Resource Files">
      <UniqueIdentifier>{67DA6AB6-F800-4c08-8B7A-83BB121AAD01}</UniqueIdentifier>
      <Extensions>rc;ico;cur;bmp;dlg;rc2;rct;bin;rgs;gif;jpg;jpeg;jpe;resx;tiff;tif;png;wav</Extensions>
    </Filter>
    <Filter Include="Header Files\DS">
      <UniqueIdentifier>{8cf31223-3649-4794-afd5-716e800544d2}</UniqueIdentifier>
    </Filter>
    <Filter Include="Source Files\DS">
      <UniqueIdentifier>{44d7056d-ed46-4f66-9602-b7ee15197cff}</UniqueIdentifier>
    </Filter>
  </ItemGroup>
  <ItemGroup>
    <ClCompile Include="Company.cpp">
      <Filter>Source Files</Filter>
    </ClCompile>
    <ClCompile Include="Container.cpp">
      <Filter>Source Files</Filter>
    </ClCompile>
    <ClCompile Include="Customer.cpp">
      <Filter>Source Files</Filter>
    </ClCompile>
    <ClCompile Include="MineralWater.cpp">
      <Filter>Source Files</Filter>
    </ClCompile>
    <ClCompile Include="record.cpp">
      <Filter>Source Files</Filter>
    </ClCompile>
    <ClCompile Include="Request.cpp">
      <Filter>Source Files</Filter>
    </ClCompile>
    <ClCompile Include="Store.cpp">
      <Filter>Source Files</Filter>
    </ClCompile>
    <ClCompile Include="Supplier.cpp">
      <Filter>Source Files</Filter>
    </ClCompile>
    <ClCompile Include="Supply.cpp">
      <Filter>Source Files</Filter>
    </ClCompile>
    <ClCompile Include="Warehouse.cpp">
      <Filter>Source Files</Filter>
    </ClCompile>
    <ClCompile Include="cli.cpp">
      <Filter>Source Files</Filter>
    </ClCompile>
    <ClCompile Include="main.cpp">
      <Filter>Source Files</Filter>
    </ClCompile>
    <ClCompile Include="Structures\DSRoutines.cpp">
      <Filter>Source Files\DS</Filter>
    </ClCompile>
    <ClCompile Include="Structures\Structure.cpp">
      <Filter>Source Files\DS</Filter>
    </ClCompile>
    <ClCompile Include="Structures\Vector.cpp">
      <Filter>Source Files\DS</Filter>
    </ClCompile>
  </ItemGroup>
  <ItemGroup>
    <ClInclude Include="Company.h">
      <Filter>Header Files</Filter>
    </ClInclude>
    <ClInclude Include="Container.h">
      <Filter>Header Files</Filter>
    </ClInclude>
    <ClInclude Include="Customer.h">
      <Filter>Header Files</Filter>
    </ClInclude>
    <ClInclude Include="MineralWater.h">
      <Filter>Header Files</Filter>
    </ClInclude>
    <ClInclude Include="record.h">
      <Filter>Header Files</Filter>
    </ClInclude>
    <ClInclude Include="Request.h">
      <Filter>Header Files</Filter>
    </ClInclude>
    <ClInclude Include="Store.h">
      <Filter>Header Files</Filter>
    </ClInclude>
    <ClInclude Include="Supplier.h">
      <Filter>Header Files</Filter>
    </ClInclude>
    <ClInclude Include="Supply.h">
      <Filter>Header Files</Filter>
    </ClInclude>
    <ClInclude Include="Warehouse.h">
      <Filter>Header Files</Filter>
    </ClInclude>
    <ClInclude Include="Structures\Array.h">
      <Filter>Header Files\DS</Filter>
    </ClInclude>
    <ClInclude Include="Structures\ArrayList.h">
      <Filter>Header Files\DS</Filter>
    </ClInclude>
    <ClInclude Include="Structures\DSRoutines.h">
      <Filter>Header Files\DS</Filter>
    </ClInclude>
    <ClInclude Include="Structures\ExplicitQueue.h">
      <Filter>Header Files\DS</Filter>
    </ClInclude>
    <ClInclude Include="Structures\ExplicitStack.h">
      <Filter>Header Files\DS</Filter>
    </ClInclude>
    <ClInclude Include="Structures\ImplicitQueue.h">
      <Filter>Header Files\DS</Filter>
    </ClInclude>
    <ClInclude Include="Structures\ImplicitStack.h">
      <Filter>Header Files\DS</Filter>
    </ClInclude>
    <ClInclude Include="Structures\Iterator.h">
      <Filter>Header Files\DS</Filter>
    </ClInclude>
    <ClInclude Include="Structures\LinkedList.h">
      <Filter>Header Files\DS</Filter>
    </ClInclude>
    <ClInclude Include="Structures\List.h">
      <Filter>Header Files\DS</Filter>
    </ClInclude>
    <ClInclude Include="Structures\PriorityQueue.h">
      <Filter>Header Files\DS</Filter>
    </ClInclude>
    <ClInclude Include="Structures\PriorityQueue_ArrayList.h">
      <Filter>Header Files\DS</Filter>
    </ClInclude>
    <ClInclude Include="Structures\PriorityQueue_ArrayList_Sorted.h">
      <Filter>Header Files\DS</Filter>
    </ClInclude>
    <ClInclude Include="Structures\PriorityQueue_ArrayList_Unsorted.h">
      <Filter>Header Files\DS</Filter>
    </ClInclude>
    <ClInclude Include="Structures\PriorityQueue_Heap.h">
      <Filter>Header Files\DS</Filter>
    </ClInclude>
    <ClInclude Include="Structures\PriorityQueue_LinkedList.h">
      <Filter>Header Files\DS</Filter>
    </ClInclude>
    <ClInclude Include="Structures\PriorityQueue_List.h">
      <Filter>Header Files\DS</Filter>
    </ClInclude>
    <ClInclude Include="Structures\PriorityQueue_TwoLists.h">
      <Filter>Header Files\DS</Filter>
    </ClInclude>
    <ClInclude Include="Structures\Queue.h">
      <Filter>Header Files\DS</Filter>
    </ClInclude>
    <ClInclude Include="Structures\Stack.h">
      <Filter>Header Files\DS</Filter>
    </ClInclude>
    <ClInclude Include="Structures\Structure.h">
      <Filter>Header Files\DS</Filter>
    </ClInclude>
    <ClInclude Include="Structures\StructureID.h">
      <Filter>Header Files\DS</Filter>
    </ClInclude>
    <ClInclude Include="Structures\StructureItem.h">
      <Filter>Header Files\DS</Filter>
    </ClInclude>
    <ClInclude Include="Structures\Vector.h">
      <Filter>Header Files\DS</Filter>
    </ClInclude>
    <ClInclude Include="cli.h">
      <Filter>Header Files</Filter>
    </ClInclude>
    <ClInclude Include="ArrayListSorted.h">
      <Filter>Header Files\DS</Filter>
    </ClInclude>
  </ItemGroup>
</Project>